{
  "name": "HTML-and-CSS-Reflection",
  "lockfileVersion": 2,
  "requires": true,
  "packages": {
    "": {
      "dependencies": {
        "mhead-js": "^2.1.0"
      }
    },
    "node_modules/mhead-js": {
      "version": "2.1.0",
      "resolved": "https://registry.npmjs.org/mhead-js/-/mhead-js-2.1.0.tgz",
      "integrity": "sha512-an+g5K4/3wPaHsvrEpLhab/7xUtolhjhdGpBeDRF9G7LZ1LDiYiSxkilKesRwihb9Xq3R/AfFk/9l4n8BqVkKA=="
    }
  },
  "dependencies": {
    "mhead-js": {
      "version": "2.1.0",
      "resolved": "https://registry.npmjs.org/mhead-js/-/mhead-js-2.1.0.tgz",
      "integrity": "sha512-an+g5K4/3wPaHsvrEpLhab/7xUtolhjhdGpBeDRF9G7LZ1LDiYiSxkilKesRwihb9Xq3R/AfFk/9l4n8BqVkKA=="
    }
  }
}
